
Microsoft Visual Studio Solution File, Format Version 12.00
# Visual Studio Version 16
VisualStudioVersion = 25.0.1706.0
MinimumVisualStudioVersion = 10.0.40219.1
Project("{FAE04EC0-301F-11D3-BF4B-00C04F79EFBC}") = "FigureAreaCalculator", "FigureAreaCalculator\FigureAreaCalculator.csproj", "{FB8EBBE9-D066-4833-9784-3F51999F7E7A}"
EndProject
Project("{FAE04EC0-301F-11D3-BF4B-00C04F79EFBC}") = "FigureAreaCalculator.Tests", "FigureAreaCalculator.Tests\FigureAreaCalculator.Tests.csproj", "{1BA57CB8-2649-4C90-B35A-BF8CE5C90BED}"
EndProject
Global
	GlobalSection(SolutionConfigurationPlatforms) = preSolution
		Debug|Any CPU = Debug|Any CPU
		Release|Any CPU = Release|Any CPU
	EndGlobalSection
	GlobalSection(ProjectConfigurationPlatforms) = postSolution
		{FB8EBBE9-D066-4833-9784-3F51999F7E7A}.Debug|Any CPU.ActiveCfg = Debug|Any CPU
		{FB8EBBE9-D066-4833-9784-3F51999F7E7A}.Debug|Any CPU.Build.0 = Debug|Any CPU
		{FB8EBBE9-D066-4833-9784-3F51999F7E7A}.Release|Any CPU.ActiveCfg = Release|Any CPU
		{FB8EBBE9-D066-4833-9784-3F51999F7E7A}.Release|Any CPU.Build.0 = Release|Any CPU
		{1BA57CB8-2649-4C90-B35A-BF8CE5C90BED}.Debug|Any CPU.ActiveCfg = Debug|Any CPU
		{1BA57CB8-2649-4C90-B35A-BF8CE5C90BED}.Debug|Any CPU.Build.0 = Debug|Any CPU
		{1BA57CB8-2649-4C90-B35A-BF8CE5C90BED}.Release|Any CPU.ActiveCfg = Release|Any CPU
		{1BA57CB8-2649-4C90-B35A-BF8CE5C90BED}.Release|Any CPU.Build.0 = Release|Any CPU
	EndGlobalSection
	GlobalSection(SolutionProperties) = preSolution
		HideSolutionNode = FALSE
	EndGlobalSection
	GlobalSection(ExtensibilityGlobals) = postSolution
		SolutionGuid = {6B62E5B6-9A0D-45EF-B1A2-BF59390DAF68}
	EndGlobalSection
EndGlobal
